// !$*UTF8*$!
{
	archiveVersion = 1;
	classes = {
	};
	objectVersion = 50;
	objects = {

/* Begin PBXBuildFile section */
		F496ED8D26AEC4A000D232D3 /* AppDelegate.swift in Sources */ = {isa = PBXBuildFile; fileRef = F496ED8C26AEC4A000D232D3 /* AppDelegate.swift */; };
		F496ED8F26AEC4A000D232D3 /* SceneDelegate.swift in Sources */ = {isa = PBXBuildFile; fileRef = F496ED8E26AEC4A000D232D3 /* SceneDelegate.swift */; };
		F496ED9126AEC4A000D232D3 /* ViewController.swift in Sources */ = {isa = PBXBuildFile; fileRef = F496ED9026AEC4A000D232D3 /* ViewController.swift */; };
		F496ED9426AEC4A000D232D3 /* Main.storyboard in Resources */ = {isa = PBXBuildFile; fileRef = F496ED9226AEC4A000D232D3 /* Main.storyboard */; };
		F496ED9626AEC4A000D232D3 /* Assets.xcassets in Resources */ = {isa = PBXBuildFile; fileRef = F496ED9526AEC4A000D232D3 /* Assets.xcassets */; };
		F496ED9926AEC4A000D232D3 /* LaunchScreen.storyboard in Resources */ = {isa = PBXBuildFile; fileRef = F496ED9726AEC4A000D232D3 /* LaunchScreen.storyboard */; };
		F496EDA426AEC4A000D232D3 /* lesson4_2Tests.swift in Sources */ = {isa = PBXBuildFile; fileRef = F496EDA326AEC4A000D232D3 /* lesson4_2Tests.swift */; };
		F496EDAF26AEC4A000D232D3 /* lesson4_2UITests.swift in Sources */ = {isa = PBXBuildFile; fileRef = F496EDAE26AEC4A000D232D3 /* lesson4_2UITests.swift */; };
		F496EDC226AEC7E300D232D3 /* TableViewCellWithInput.swift in Sources */ = {isa = PBXBuildFile; fileRef = F496EDC026AEC7E300D232D3 /* TableViewCellWithInput.swift */; };
		F496EDC326AEC7E300D232D3 /* TableViewCellWithInput.xib in Resources */ = {isa = PBXBuildFile; fileRef = F496EDC126AEC7E300D232D3 /* TableViewCellWithInput.xib */; };
		F496EDC626AEC8EB00D232D3 /* FooterView.swift in Sources */ = {isa = PBXBuildFile; fileRef = F496EDC526AEC8EB00D232D3 /* FooterView.swift */; };
		F496EDC926AEC93500D232D3 /* SignInHeader.swift in Sources */ = {isa = PBXBuildFile; fileRef = F496EDC826AEC93500D232D3 /* SignInHeader.swift */; };
		F496EDCB26AECA1F00D232D3 /* BookingViewController.swift in Sources */ = {isa = PBXBuildFile; fileRef = F496EDCA26AECA1F00D232D3 /* BookingViewController.swift */; };
		F496EDCD26AECA9600D232D3 /* TableViewCellWithSwitch.swift in Sources */ = {isa = PBXBuildFile; fileRef = F496EDCC26AECA9600D232D3 /* TableViewCellWithSwitch.swift */; };
		F496EDCF26AECAE400D232D3 /* CheckViewController.swift in Sources */ = {isa = PBXBuildFile; fileRef = F496EDCE26AECAE400D232D3 /* CheckViewController.swift */; };
		F496EDD126AECC6700D232D3 /* CellWithMenuItem.swift in Sources */ = {isa = PBXBuildFile; fileRef = F496EDD026AECC6700D232D3 /* CellWithMenuItem.swift */; };
		F496EDD326AECCDC00D232D3 /* CheckFooterView.swift in Sources */ = {isa = PBXBuildFile; fileRef = F496EDD226AECCDC00D232D3 /* CheckFooterView.swift */; };
/* End PBXBuildFile section */

/* Begin PBXContainerItemProxy section */
		F496EDA026AEC4A000D232D3 /* PBXContainerItemProxy */ = {
			isa = PBXContainerItemProxy;
			containerPortal = F496ED8126AEC4A000D232D3 /* Project object */;
			proxyType = 1;
			remoteGlobalIDString = F496ED8826AEC4A000D232D3;
			remoteInfo = lesson4.2;
		};
		F496EDAB26AEC4A000D232D3 /* PBXContainerItemProxy */ = {
			isa = PBXContainerItemProxy;
			containerPortal = F496ED8126AEC4A000D232D3 /* Project object */;
			proxyType = 1;
			remoteGlobalIDString = F496ED8826AEC4A000D232D3;
			remoteInfo = lesson4.2;
		};
/* End PBXContainerItemProxy section */

/* Begin PBXFileReference section */
		F496ED8926AEC4A000D232D3 /* lesson4.2.app */ = {isa = PBXFileReference; explicitFileType = wrapper.application; includeInIndex = 0; path = lesson4.2.app; sourceTree = BUILT_PRODUCTS_DIR; };
		F496ED8C26AEC4A000D232D3 /* AppDelegate.swift */ = {isa = PBXFileReference; lastKnownFileType = sourcecode.swift; path = AppDelegate.swift; sourceTree = "<group>"; };
		F496ED8E26AEC4A000D232D3 /* SceneDelegate.swift */ = {isa = PBXFileReference; lastKnownFileType = sourcecode.swift; path = SceneDelegate.swift; sourceTree = "<group>"; };
		F496ED9026AEC4A000D232D3 /* ViewController.swift */ = {isa = PBXFileReference; lastKnownFileType = sourcecode.swift; path = ViewController.swift; sourceTree = "<group>"; };
		F496ED9326AEC4A000D232D3 /* Base */ = {isa = PBXFileReference; lastKnownFileType = file.storyboard; name = Base; path = Base.lproj/Main.storyboard; sourceTree = "<group>"; };
		F496ED9526AEC4A000D232D3 /* Assets.xcassets */ = {isa = PBXFileReference; lastKnownFileType = folder.assetcatalog; path = Assets.xcassets; sourceTree = "<group>"; };
		F496ED9826AEC4A000D232D3 /* Base */ = {isa = PBXFileReference; lastKnownFileType = file.storyboard; name = Base; path = Base.lproj/LaunchScreen.storyboard; sourceTree = "<group>"; };
		F496ED9A26AEC4A000D232D3 /* Info.plist */ = {isa = PBXFileReference; lastKnownFileType = text.plist.xml; path = Info.plist; sourceTree = "<group>"; };
		F496ED9F26AEC4A000D232D3 /* lesson4.2Tests.xctest */ = {isa = PBXFileReference; explicitFileType = wrapper.cfbundle; includeInIndex = 0; path = lesson4.2Tests.xctest; sourceTree = BUILT_PRODUCTS_DIR; };
		F496EDA326AEC4A000D232D3 /* lesson4_2Tests.swift */ = {isa = PBXFileReference; lastKnownFileType = sourcecode.swift; path = lesson4_2Tests.swift; sourceTree = "<group>"; };
		F496EDA526AEC4A000D232D3 /* Info.plist */ = {isa = PBXFileReference; lastKnownFileType = text.plist.xml; path = Info.plist; sourceTree = "<group>"; };
		F496EDAA26AEC4A000D232D3 /* lesson4.2UITests.xctest */ = {isa = PBXFileReference; explicitFileType = wrapper.cfbundle; includeInIndex = 0; path = lesson4.2UITests.xctest; sourceTree = BUILT_PRODUCTS_DIR; };
		F496EDAE26AEC4A000D232D3 /* lesson4_2UITests.swift */ = {isa = PBXFileReference; lastKnownFileType = sourcecode.swift; path = lesson4_2UITests.swift; sourceTree = "<group>"; };
		F496EDB026AEC4A000D232D3 /* Info.plist */ = {isa = PBXFileReference; lastKnownFileType = text.plist.xml; path = Info.plist; sourceTree = "<group>"; };
		F496EDC026AEC7E300D232D3 /* TableViewCellWithInput.swift */ = {isa = PBXFileReference; lastKnownFileType = sourcecode.swift; path = TableViewCellWithInput.swift; sourceTree = "<group>"; };
		F496EDC126AEC7E300D232D3 /* TableViewCellWithInput.xib */ = {isa = PBXFileReference; lastKnownFileType = file.xib; path = TableViewCellWithInput.xib; sourceTree = "<group>"; };
		F496EDC526AEC8EB00D232D3 /* FooterView.swift */ = {isa = PBXFileReference; lastKnownFileType = sourcecode.swift; path = FooterView.swift; sourceTree = "<group>"; };
		F496EDC826AEC93500D232D3 /* SignInHeader.swift */ = {isa = PBXFileReference; lastKnownFileType = sourcecode.swift; path = SignInHeader.swift; sourceTree = "<group>"; };
		F496EDCA26AECA1F00D232D3 /* BookingViewController.swift */ = {isa = PBXFileReference; lastKnownFileType = sourcecode.swift; path = BookingViewController.swift; sourceTree = "<group>"; };
		F496EDCC26AECA9600D232D3 /* TableViewCellWithSwitch.swift */ = {isa = PBXFileReference; lastKnownFileType = sourcecode.swift; path = TableViewCellWithSwitch.swift; sourceTree = "<group>"; };
		F496EDCE26AECAE400D232D3 /* CheckViewController.swift */ = {isa = PBXFileReference; lastKnownFileType = sourcecode.swift; path = CheckViewController.swift; sourceTree = "<group>"; };
		F496EDD026AECC6700D232D3 /* CellWithMenuItem.swift */ = {isa = PBXFileReference; lastKnownFileType = sourcecode.swift; path = CellWithMenuItem.swift; sourceTree = "<group>"; };
		F496EDD226AECCDC00D232D3 /* CheckFooterView.swift */ = {isa = PBXFileReference; lastKnownFileType = sourcecode.swift; path = CheckFooterView.swift; sourceTree = "<group>"; };
/* End PBXFileReference section */

/* Begin PBXFrameworksBuildPhase section */
		F496ED8626AEC4A000D232D3 /* Frameworks */ = {
			isa = PBXFrameworksBuildPhase;
			buildActionMask = 2147483647;
			files = (
			);
			runOnlyForDeploymentPostprocessing = 0;
		};
		F496ED9C26AEC4A000D232D3 /* Frameworks */ = {
			isa = PBXFrameworksBuildPhase;
			buildActionMask = 2147483647;
			files = (
			);
			runOnlyForDeploymentPostprocessing = 0;
		};
		F496EDA726AEC4A000D232D3 /* Frameworks */ = {
			isa = PBXFrameworksBuildPhase;
			buildActionMask = 2147483647;
			files = (
			);
			runOnlyForDeploymentPostprocessing = 0;
		};
/* End PBXFrameworksBuildPhase section */

/* Begin PBXGroup section */
		F496ED8026AEC4A000D232D3 = {
			isa = PBXGroup;
			children = (
				F496ED8B26AEC4A000D232D3 /* lesson4.2 */,
				F496EDA226AEC4A000D232D3 /* lesson4.2Tests */,
				F496EDAD26AEC4A000D232D3 /* lesson4.2UITests */,
				F496ED8A26AEC4A000D232D3 /* Products */,
			);
			sourceTree = "<group>";
		};
		F496ED8A26AEC4A000D232D3 /* Products */ = {
			isa = PBXGroup;
			children = (
				F496ED8926AEC4A000D232D3 /* lesson4.2.app */,
				F496ED9F26AEC4A000D232D3 /* lesson4.2Tests.xctest */,
				F496EDAA26AEC4A000D232D3 /* lesson4.2UITests.xctest */,
			);
			name = Products;
			sourceTree = "<group>";
		};
		F496ED8B26AEC4A000D232D3 /* lesson4.2 */ = {
			isa = PBXGroup;
			children = (
				F496EDBE26AEC4B900D232D3 /* Controller */,
				F496EDBD26AEC4B400D232D3 /* View */,
				F496EDBC26AEC4AF00D232D3 /* Model */,
				F496ED8C26AEC4A000D232D3 /* AppDelegate.swift */,
				F496ED8E26AEC4A000D232D3 /* SceneDelegate.swift */,
				F496ED9226AEC4A000D232D3 /* Main.storyboard */,
				F496ED9526AEC4A000D232D3 /* Assets.xcassets */,
				F496ED9726AEC4A000D232D3 /* LaunchScreen.storyboard */,
				F496ED9A26AEC4A000D232D3 /* Info.plist */,
			);
			path = lesson4.2;
			sourceTree = "<group>";
		};
		F496EDA226AEC4A000D232D3 /* lesson4.2Tests */ = {
			isa = PBXGroup;
			children = (
				F496EDA326AEC4A000D232D3 /* lesson4_2Tests.swift */,
				F496EDA526AEC4A000D232D3 /* Info.plist */,
			);
			path = lesson4.2Tests;
			sourceTree = "<group>";
		};
		F496EDAD26AEC4A000D232D3 /* lesson4.2UITests */ = {
			isa = PBXGroup;
			children = (
				F496EDAE26AEC4A000D232D3 /* lesson4_2UITests.swift */,
				F496EDB026AEC4A000D232D3 /* Info.plist */,
			);
			path = lesson4.2UITests;
			sourceTree = "<group>";
		};
		F496EDBC26AEC4AF00D232D3 /* Model */ = {
			isa = PBXGroup;
			children = (
			);
			path = Model;
			sourceTree = "<group>";
		};
		F496EDBD26AEC4B400D232D3 /* View */ = {
			isa = PBXGroup;
			children = (
				F496EDC726AEC91900D232D3 /* Headers */,
				F496EDBF26AEC79700D232D3 /* Cells */,
				F496EDC426AEC89B00D232D3 /* Footers */,
			);
			path = View;
			sourceTree = "<group>";
		};
		F496EDBE26AEC4B900D232D3 /* Controller */ = {
			isa = PBXGroup;
			children = (
				F496ED9026AEC4A000D232D3 /* ViewController.swift */,
				F496EDCA26AECA1F00D232D3 /* BookingViewController.swift */,
				F496EDCE26AECAE400D232D3 /* CheckViewController.swift */,
			);
			path = Controller;
			sourceTree = "<group>";
		};
		F496EDBF26AEC79700D232D3 /* Cells */ = {
			isa = PBXGroup;
			children = (
				F496EDC026AEC7E300D232D3 /* TableViewCellWithInput.swift */,
				F496EDC126AEC7E300D232D3 /* TableViewCellWithInput.xib */,
				F496EDCC26AECA9600D232D3 /* TableViewCellWithSwitch.swift */,
				F496EDD026AECC6700D232D3 /* CellWithMenuItem.swift */,
			);
			path = Cells;
			sourceTree = "<group>";
		};
		F496EDC426AEC89B00D232D3 /* Footers */ = {
			isa = PBXGroup;
			children = (
				F496EDC526AEC8EB00D232D3 /* FooterView.swift */,
				F496EDD226AECCDC00D232D3 /* CheckFooterView.swift */,
			);
			path = Footers;
			sourceTree = "<group>";
		};
		F496EDC726AEC91900D232D3 /* Headers */ = {
			isa = PBXGroup;
			children = (
				F496EDC826AEC93500D232D3 /* SignInHeader.swift */,
			);
			path = Headers;
			sourceTree = "<group>";
		};
/* End PBXGroup section */

/* Begin PBXNativeTarget section */
		F496ED8826AEC4A000D232D3 /* lesson4.2 */ = {
			isa = PBXNativeTarget;
			buildConfigurationList = F496EDB326AEC4A000D232D3 /* Build configuration list for PBXNativeTarget "lesson4.2" */;
			buildPhases = (
				F496ED8526AEC4A000D232D3 /* Sources */,
				F496ED8626AEC4A000D232D3 /* Frameworks */,
				F496ED8726AEC4A000D232D3 /* Resources */,
			);
			buildRules = (
			);
			dependencies = (
			);
			name = lesson4.2;
			productName = lesson4.2;
			productReference = F496ED8926AEC4A000D232D3 /* lesson4.2.app */;
			productType = "com.apple.product-type.application";
		};
		F496ED9E26AEC4A000D232D3 /* lesson4.2Tests */ = {
			isa = PBXNativeTarget;
			buildConfigurationList = F496EDB626AEC4A000D232D3 /* Build configuration list for PBXNativeTarget "lesson4.2Tests" */;
			buildPhases = (
				F496ED9B26AEC4A000D232D3 /* Sources */,
				F496ED9C26AEC4A000D232D3 /* Frameworks */,
				F496ED9D26AEC4A000D232D3 /* Resources */,
			);
			buildRules = (
			);
			dependencies = (
				F496EDA126AEC4A000D232D3 /* PBXTargetDependency */,
			);
			name = lesson4.2Tests;
			productName = lesson4.2Tests;
			productReference = F496ED9F26AEC4A000D232D3 /* lesson4.2Tests.xctest */;
			productType = "com.apple.product-type.bundle.unit-test";
		};
		F496EDA926AEC4A000D232D3 /* lesson4.2UITests */ = {
			isa = PBXNativeTarget;
			buildConfigurationList = F496EDB926AEC4A000D232D3 /* Build configuration list for PBXNativeTarget "lesson4.2UITests" */;
			buildPhases = (
				F496EDA626AEC4A000D232D3 /* Sources */,
				F496EDA726AEC4A000D232D3 /* Frameworks */,
				F496EDA826AEC4A000D232D3 /* Resources */,
			);
			buildRules = (
			);
			dependencies = (
				F496EDAC26AEC4A000D232D3 /* PBXTargetDependency */,
			);
			name = lesson4.2UITests;
			productName = lesson4.2UITests;
			productReference = F496EDAA26AEC4A000D232D3 /* lesson4.2UITests.xctest */;
			productType = "com.apple.product-type.bundle.ui-testing";
		};
/* End PBXNativeTarget section */

/* Begin PBXProject section */
		F496ED8126AEC4A000D232D3 /* Project object */ = {
			isa = PBXProject;
			attributes = {
				LastSwiftUpdateCheck = 1250;
				LastUpgradeCheck = 1250;
				TargetAttributes = {
					F496ED8826AEC4A000D232D3 = {
						CreatedOnToolsVersion = 12.5.1;
					};
					F496ED9E26AEC4A000D232D3 = {
						CreatedOnToolsVersion = 12.5.1;
						TestTargetID = F496ED8826AEC4A000D232D3;
					};
					F496EDA926AEC4A000D232D3 = {
						CreatedOnToolsVersion = 12.5.1;
						TestTargetID = F496ED8826AEC4A000D232D3;
					};
				};
			};
			buildConfigurationList = F496ED8426AEC4A000D232D3 /* Build configuration list for PBXProject "lesson4.2" */;
			compatibilityVersion = "Xcode 9.3";
			developmentRegion = en;
			hasScannedForEncodings = 0;
			knownRegions = (
				en,
				Base,
			);
			mainGroup = F496ED8026AEC4A000D232D3;
			productRefGroup = F496ED8A26AEC4A000D232D3 /* Products */;
			projectDirPath = "";
			projectRoot = "";
			targets = (
				F496ED8826AEC4A000D232D3 /* lesson4.2 */,
				F496ED9E26AEC4A000D232D3 /* lesson4.2Tests */,
				F496EDA926AEC4A000D232D3 /* lesson4.2UITests */,
			);
		};
/* End PBXProject section */

/* Begin PBXResourcesBuildPhase section */
		F496ED8726AEC4A000D232D3 /* Resources */ = {
			isa = PBXResourcesBuildPhase;
			buildActionMask = 2147483647;
			files = (
				F496ED9926AEC4A000D232D3 /* LaunchScreen.storyboard in Resources */,
				F496ED9626AEC4A000D232D3 /* Assets.xcassets in Resources */,
				F496EDC326AEC7E300D232D3 /* TableViewCellWithInput.xib in Resources */,
				F496ED9426AEC4A000D232D3 /* Main.storyboard in Resources */,
			);
			runOnlyForDeploymentPostprocessing = 0;
		};
		F496ED9D26AEC4A000D232D3 /* Resources */ = {
			isa = PBXResourcesBuildPhase;
			buildActionMask = 2147483647;
			files = (
			);
			runOnlyForDeploymentPostprocessing = 0;
		};
		F496EDA826AEC4A000D232D3 /* Resources */ = {
			isa = PBXResourcesBuildPhase;
			buildActionMask = 2147483647;
			files = (
			);
			runOnlyForDeploymentPostprocessing = 0;
		};
/* End PBXResourcesBuildPhase section */

/* Begin PBXSourcesBuildPhase section */
		F496ED8526AEC4A000D232D3 /* Sources */ = {
			isa = PBXSourcesBuildPhase;
			buildActionMask = 2147483647;
			files = (
				F496ED9126AEC4A000D232D3 /* ViewController.swift in Sources */,
				F496EDD126AECC6700D232D3 /* CellWithMenuItem.swift in Sources */,
				F496EDCD26AECA9600D232D3 /* TableViewCellWithSwitch.swift in Sources */,
				F496ED8D26AEC4A000D232D3 /* AppDelegate.swift in Sources */,
				F496EDC226AEC7E300D232D3 /* TableViewCellWithInput.swift in Sources */,
				F496EDD326AECCDC00D232D3 /* CheckFooterView.swift in Sources */,
				F496EDC626AEC8EB00D232D3 /* FooterView.swift in Sources */,
				F496EDC926AEC93500D232D3 /* SignInHeader.swift in Sources */,
				F496EDCF26AECAE400D232D3 /* CheckViewController.swift in Sources */,
				F496EDCB26AECA1F00D232D3 /* BookingViewController.swift in Sources */,
				F496ED8F26AEC4A000D232D3 /* SceneDelegate.swift in Sources */,
			);
			runOnlyForDeploymentPostprocessing = 0;
		};
		F496ED9B26AEC4A000D232D3 /* Sources */ = {
			isa = PBXSourcesBuildPhase;
			buildActionMask = 2147483647;
			files = (
				F496EDA426AEC4A000D232D3 /* lesson4_2Tests.swift in Sources */,
			);
			runOnlyForDeploymentPostprocessing = 0;
		};
		F496EDA626AEC4A000D232D3 /* Sources */ = {
			isa = PBXSourcesBuildPhase;
			buildActionMask = 2147483647;
			files = (
				F496EDAF26AEC4A000D232D3 /* lesson4_2UITests.swift in Sources */,
			);
			runOnlyForDeploymentPostprocessing = 0;
		};
/* End PBXSourcesBuildPhase section */

/* Begin PBXTargetDependency section */
		F496EDA126AEC4A000D232D3 /* PBXTargetDependency */ = {
			isa = PBXTargetDependency;
			target = F496ED8826AEC4A000D232D3 /* lesson4.2 */;
			targetProxy = F496EDA026AEC4A000D232D3 /* PBXContainerItemProxy */;
		};
		F496EDAC26AEC4A000D232D3 /* PBXTargetDependency */ = {
			isa = PBXTargetDependency;
			target = F496ED8826AEC4A000D232D3 /* lesson4.2 */;
			targetProxy = F496EDAB26AEC4A000D232D3 /* PBXContainerItemProxy */;
		};
/* End PBXTargetDependency section */

/* Begin PBXVariantGroup section */
		F496ED9226AEC4A000D232D3 /* Main.storyboard */ = {
			isa = PBXVariantGroup;
			children = (
				F496ED9326AEC4A000D232D3 /* Base */,
			);
			name = Main.storyboard;
			sourceTree = "<group>";
		};
		F496ED9726AEC4A000D232D3 /* LaunchScreen.storyboard */ = {
			isa = PBXVariantGroup;
			children = (
				F496ED9826AEC4A000D232D3 /* Base */,
			);
			name = LaunchScreen.storyboard;
			sourceTree = "<group>";
		};
/* End PBXVariantGroup section */

/* Begin XCBuildConfiguration section */
		F496EDB126AEC4A000D232D3 /* Debug */ = {
			isa = XCBuildConfiguration;
			buildSettings = {
				ALWAYS_SEARCH_USER_PATHS = NO;
				CLANG_ANALYZER_NONNULL = YES;
				CLANG_ANALYZER_NUMBER_OBJECT_CONVERSION = YES_AGGRESSIVE;
				CLANG_CXX_LANGUAGE_STANDARD = "gnu++14";
				CLANG_CXX_LIBRARY = "libc++";
				CLANG_ENABLE_MODULES = YES;
				CLANG_ENABLE_OBJC_ARC = YES;
				CLANG_ENABLE_OBJC_WEAK = YES;
				CLANG_WARN_BLOCK_CAPTURE_AUTORELEASING = YES;
				CLANG_WARN_BOOL_CONVERSION = YES;
				CLANG_WARN_COMMA = YES;
				CLANG_WARN_CONSTANT_CONVERSION = YES;
				CLANG_WARN_DEPRECATED_OBJC_IMPLEMENTATIONS = YES;
				CLANG_WARN_DIRECT_OBJC_ISA_USAGE = YES_ERROR;
				CLANG_WARN_DOCUMENTATION_COMMENTS = YES;
				CLANG_WARN_EMPTY_BODY = YES;
				CLANG_WARN_ENUM_CONVERSION = YES;
				CLANG_WARN_INFINITE_RECURSION = YES;
				CLANG_WARN_INT_CONVERSION = YES;
				CLANG_WARN_NON_LITERAL_NULL_CONVERSION = YES;
				CLANG_WARN_OBJC_IMPLICIT_RETAIN_SELF = YES;
				CLANG_WARN_OBJC_LITERAL_CONVERSION = YES;
				CLANG_WARN_OBJC_ROOT_CLASS = YES_ERROR;
				CLANG_WARN_QUOTED_INCLUDE_IN_FRAMEWORK_HEADER = YES;
				CLANG_WARN_RANGE_LOOP_ANALYSIS = YES;
				CLANG_WARN_STRICT_PROTOTYPES = YES;
				CLANG_WARN_SUSPICIOUS_MOVE = YES;
				CLANG_WARN_UNGUARDED_AVAILABILITY = YES_AGGRESSIVE;
				CLANG_WARN_UNREACHABLE_CODE = YES;
				CLANG_WARN__DUPLICATE_METHOD_MATCH = YES;
				COPY_PHASE_STRIP = NO;
				DEBUG_INFORMATION_FORMAT = dwarf;
				ENABLE_STRICT_OBJC_MSGSEND = YES;
				ENABLE_TESTABILITY = YES;
				GCC_C_LANGUAGE_STANDARD = gnu11;
				GCC_DYNAMIC_NO_PIC = NO;
				GCC_NO_COMMON_BLOCKS = YES;
				GCC_OPTIMIZATION_LEVEL = 0;
				GCC_PREPROCESSOR_DEFINITIONS = (
					"DEBUG=1",
					"$(inherited)",
				);
				GCC_WARN_64_TO_32_BIT_CONVERSION = YES;
				GCC_WARN_ABOUT_RETURN_TYPE = YES_ERROR;
				GCC_WARN_UNDECLARED_SELECTOR = YES;
				GCC_WARN_UNINITIALIZED_AUTOS = YES_AGGRESSIVE;
				GCC_WARN_UNUSED_FUNCTION = YES;
				GCC_WARN_UNUSED_VARIABLE = YES;
				IPHONEOS_DEPLOYMENT_TARGET = 14.5;
				MTL_ENABLE_DEBUG_INFO = INCLUDE_SOURCE;
				MTL_FAST_MATH = YES;
				ONLY_ACTIVE_ARCH = YES;
				SDKROOT = iphoneos;
				SWIFT_ACTIVE_COMPILATION_CONDITIONS = DEBUG;
				SWIFT_OPTIMIZATION_LEVEL = "-Onone";
			};
			name = Debug;
		};
		F496EDB226AEC4A000D232D3 /* Release */ = {
			isa = XCBuildConfiguration;
			buildSettings = {
				ALWAYS_SEARCH_USER_PATHS = NO;
				CLANG_ANALYZER_NONNULL = YES;
				CLANG_ANALYZER_NUMBER_OBJECT_CONVERSION = YES_AGGRESSIVE;
				CLANG_CXX_LANGUAGE_STANDARD = "gnu++14";
				CLANG_CXX_LIBRARY = "libc++";
				CLANG_ENABLE_MODULES = YES;
				CLANG_ENABLE_OBJC_ARC = YES;
				CLANG_ENABLE_OBJC_WEAK = YES;
				CLANG_WARN_BLOCK_CAPTURE_AUTORELEASING = YES;
				CLANG_WARN_BOOL_CONVERSION = YES;
				CLANG_WARN_COMMA = YES;
				CLANG_WARN_CONSTANT_CONVERSION = YES;
				CLANG_WARN_DEPRECATED_OBJC_IMPLEMENTATIONS = YES;
				CLANG_WARN_DIRECT_OBJC_ISA_USAGE = YES_ERROR;
				CLANG_WARN_DOCUMENTATION_COMMENTS = YES;
				CLANG_WARN_EMPTY_BODY = YES;
				CLANG_WARN_ENUM_CONVERSION = YES;
				CLANG_WARN_INFINITE_RECURSION = YES;
				CLANG_WARN_INT_CONVERSION = YES;
				CLANG_WARN_NON_LITERAL_NULL_CONVERSION = YES;
				CLANG_WARN_OBJC_IMPLICIT_RETAIN_SELF = YES;
				CLANG_WARN_OBJC_LITERAL_CONVERSION = YES;
				CLANG_WARN_OBJC_ROOT_CLASS = YES_ERROR;
				CLANG_WARN_QUOTED_INCLUDE_IN_FRAMEWORK_HEADER = YES;
				CLANG_WARN_RANGE_LOOP_ANALYSIS = YES;
				CLANG_WARN_STRICT_PROTOTYPES = YES;
				CLANG_WARN_SUSPICIOUS_MOVE = YES;
				CLANG_WARN_UNGUARDED_AVAILABILITY = YES_AGGRESSIVE;
				CLANG_WARN_UNREACHABLE_CODE = YES;
				CLANG_WARN__DUPLICATE_METHOD_MATCH = YES;
				COPY_PHASE_STRIP = NO;
				DEBUG_INFORMATION_FORMAT = "dwarf-with-dsym";
				ENABLE_NS_ASSERTIONS = NO;
				ENABLE_STRICT_OBJC_MSGSEND = YES;
				GCC_C_LANGUAGE_STANDARD = gnu11;
				GCC_NO_COMMON_BLOCKS = YES;
				GCC_WARN_64_TO_32_BIT_CONVERSION = YES;
				GCC_WARN_ABOUT_RETURN_TYPE = YES_ERROR;
				GCC_WARN_UNDECLARED_SELECTOR = YES;
				GCC_WARN_UNINITIALIZED_AUTOS = YES_AGGRESSIVE;
				GCC_WARN_UNUSED_FUNCTION = YES;
				GCC_WARN_UNUSED_VARIABLE = YES;
				IPHONEOS_DEPLOYMENT_TARGET = 14.5;
				MTL_ENABLE_DEBUG_INFO = NO;
				MTL_FAST_MATH = YES;
				SDKROOT = iphoneos;
				SWIFT_COMPILATION_MODE = wholemodule;
				SWIFT_OPTIMIZATION_LEVEL = "-O";
				VALIDATE_PRODUCT = YES;
			};
			name = Release;
		};
		F496EDB426AEC4A000D232D3 /* Debug */ = {
			isa = XCBuildConfiguration;
			buildSettings = {
				ASSETCATALOG_COMPILER_APPICON_NAME = AppIcon;
				ASSETCATALOG_COMPILER_GLOBAL_ACCENT_COLOR_NAME = AccentColor;
				CODE_SIGN_STYLE = Automatic;
				INFOPLIST_FILE = lesson4.2/Info.plist;
				LD_RUNPATH_SEARCH_PATHS = (
					"$(inherited)",
					"@executable_path/Frameworks",
				);
				PRODUCT_BUNDLE_IDENTIFIER = "VS.lesson4-2";
				PRODUCT_NAME = "$(TARGET_NAME)";
				SWIFT_VERSION = 5.0;
				TARGETED_DEVICE_FAMILY = "1,2";
			};
			name = Debug;
		};
		F496EDB526AEC4A000D232D3 /* Release */ = {
			isa = XCBuildConfiguration;
			buildSettings = {
				ASSETCATALOG_COMPILER_APPICON_NAME = AppIcon;
				ASSETCATALOG_COMPILER_GLOBAL_ACCENT_COLOR_NAME = AccentColor;
				CODE_SIGN_STYLE = Automatic;
				INFOPLIST_FILE = lesson4.2/Info.plist;
				LD_RUNPATH_SEARCH_PATHS = (
					"$(inherited)",
					"@executable_path/Frameworks",
				);
				PRODUCT_BUNDLE_IDENTIFIER = "VS.lesson4-2";
				PRODUCT_NAME = "$(TARGET_NAME)";
				SWIFT_VERSION = 5.0;
				TARGETED_DEVICE_FAMILY = "1,2";
			};
			name = Release;
		};
		F496EDB726AEC4A000D232D3 /* Debug */ = {
			isa = XCBuildConfiguration;
			buildSettings = {
				ALWAYS_EMBED_SWIFT_STANDARD_LIBRARIES = YES;
				BUNDLE_LOADER = "$(TEST_HOST)";
				CODE_SIGN_STYLE = Automatic;
				INFOPLIST_FILE = lesson4.2Tests/Info.plist;
				IPHONEOS_DEPLOYMENT_TARGET = 14.5;
				LD_RUNPATH_SEARCH_PATHS = (
					"$(inherited)",
					"@executable_path/Frameworks",
					"@loader_path/Frameworks",
				);
				PRODUCT_BUNDLE_IDENTIFIER = "VS.lesson4-2Tests";
				PRODUCT_NAME = "$(TARGET_NAME)";
				SWIFT_VERSION = 5.0;
				TARGETED_DEVICE_FAMILY = "1,2";
				TEST_HOST = "$(BUILT_PRODUCTS_DIR)/lesson4.2.app/lesson4.2";
			};
			name = Debug;
		};
		F496EDB826AEC4A000D232D3 /* Release */ = {
			isa = XCBuildConfiguration;
			buildSettings = {
				ALWAYS_EMBED_SWIFT_STANDARD_LIBRARIES = YES;
				BUNDLE_LOADER = "$(TEST_HOST)";
				CODE_SIGN_STYLE = Automatic;
				INFOPLIST_FILE = lesson4.2Tests/Info.plist;
				IPHONEOS_DEPLOYMENT_TARGET = 14.5;
				LD_RUNPATH_SEARCH_PATHS = (
					"$(inherited)",
					"@executable_path/Frameworks",
					"@loader_path/Frameworks",
				);
				PRODUCT_BUNDLE_IDENTIFIER = "VS.lesson4-2Tests";
				PRODUCT_NAME = "$(TARGET_NAME)";
				SWIFT_VERSION = 5.0;
				TARGETED_DEVICE_FAMILY = "1,2";
				TEST_HOST = "$(BUILT_PRODUCTS_DIR)/lesson4.2.app/lesson4.2";
			};
			name = Release;
		};
		F496EDBA26AEC4A000D232D3 /* Debug */ = {
			isa = XCBuildConfiguration;
			buildSettings = {
				ALWAYS_EMBED_SWIFT_STANDARD_LIBRARIES = YES;
				CODE_SIGN_STYLE = Automatic;
				INFOPLIST_FILE = lesson4.2UITests/Info.plist;
				LD_RUNPATH_SEARCH_PATHS = (
					"$(inherited)",
					"@executable_path/Frameworks",
					"@loader_path/Frameworks",
				);
				PRODUCT_BUNDLE_IDENTIFIER = "VS.lesson4-2UITests";
				PRODUCT_NAME = "$(TARGET_NAME)";
				SWIFT_VERSION = 5.0;
				TARGETED_DEVICE_FAMILY = "1,2";
				TEST_TARGET_NAME = lesson4.2;
			};
			name = Debug;
		};
		F496EDBB26AEC4A000D232D3 /* Release */ = {
			isa = XCBuildConfiguration;
			buildSettings = {
				ALWAYS_EMBED_SWIFT_STANDARD_LIBRARIES = YES;
				CODE_SIGN_STYLE = Automatic;
				INFOPLIST_FILE = lesson4.2UITests/Info.plist;
				LD_RUNPATH_SEARCH_PATHS = (
					"$(inherited)",
					"@executable_path/Frameworks",
					"@loader_path/Frameworks",
				);
				PRODUCT_BUNDLE_IDENTIFIER = "VS.lesson4-2UITests";
				PRODUCT_NAME = "$(TARGET_NAME)";
				SWIFT_VERSION = 5.0;
				TARGETED_DEVICE_FAMILY = "1,2";
				TEST_TARGET_NAME = lesson4.2;
			};
			name = Release;
		};
/* End XCBuildConfiguration section */

/* Begin XCConfigurationList section */
		F496ED8426AEC4A000D232D3 /* Build configuration list for PBXProject "lesson4.2" */ = {
			isa = XCConfigurationList;
			buildConfigurations = (
				F496EDB126AEC4A000D232D3 /* Debug */,
				F496EDB226AEC4A000D232D3 /* Release */,
			);
			defaultConfigurationIsVisible = 0;
			defaultConfigurationName = Release;
		};
		F496EDB326AEC4A000D232D3 /* Build configuration list for PBXNativeTarget "lesson4.2" */ = {
			isa = XCConfigurationList;
			buildConfigurations = (
				F496EDB426AEC4A000D232D3 /* Debug */,
				F496EDB526AEC4A000D232D3 /* Release */,
			);
			defaultConfigurationIsVisible = 0;
			defaultConfigurationName = Release;
		};
		F496EDB626AEC4A000D232D3 /* Build configuration list for PBXNativeTarget "lesson4.2Tests" */ = {
			isa = XCConfigurationList;
			buildConfigurations = (
				F496EDB726AEC4A000D232D3 /* Debug */,
				F496EDB826AEC4A000D232D3 /* Release */,
			);
			defaultConfigurationIsVisible = 0;
			defaultConfigurationName = Release;
		};
		F496EDB926AEC4A000D232D3 /* Build configuration list for PBXNativeTarget "lesson4.2UITests" */ = {
			isa = XCConfigurationList;
			buildConfigurations = (
				F496EDBA26AEC4A000D232D3 /* Debug */,
				F496EDBB26AEC4A000D232D3 /* Release */,
			);
			defaultConfigurationIsVisible = 0;
			defaultConfigurationName = Release;
		};
/* End XCConfigurationList section */
	};
	rootObject = F496ED8126AEC4A000D232D3 /* Project object */;
}
